
Microsoft Visual Studio Solution File, Format Version 12.00
# Visual Studio Version 17
VisualStudioVersion = 17.5.33530.505
MinimumVisualStudioVersion = 10.0.40219.1
Project("{FAE04EC0-301F-11D3-BF4B-00C04F79EFBC}") = "PR10", "PR10.csproj", "{5817E308-BF99-4218-B723-BAD6CD2DC277}"
EndProject
Global
	GlobalSection(SolutionConfigurationPlatforms) = preSolution
		Debug|Any CPU = Debug|Any CPU
		Release|Any CPU = Release|Any CPU
	EndGlobalSection
	GlobalSection(ProjectConfigurationPlatforms) = postSolution
		{5817E308-BF99-4218-B723-BAD6CD2DC277}.Debug|Any CPU.ActiveCfg = Debug|Any CPU
		{5817E308-BF99-4218-B723-BAD6CD2DC277}.Debug|Any CPU.Build.0 = Debug|Any CPU
		{5817E308-BF99-4218-B723-BAD6CD2DC277}.Release|Any CPU.ActiveCfg = Release|Any CPU
		{5817E308-BF99-4218-B723-BAD6CD2DC277}.Release|Any CPU.Build.0 = Release|Any CPU
	EndGlobalSection
	GlobalSection(SolutionProperties) = preSolution
		HideSolutionNode = FALSE
	EndGlobalSection
	GlobalSection(ExtensibilityGlobals) = postSolution
		SolutionGuid = {E9E9F74E-5E60-4A75-AFC5-7A0BA9EDA345}
	EndGlobalSection
EndGlobal
